<?xml version="1.0" encoding="UTF-8"?>
<Scheme
   version = "1.3">
   <BuildAction>
      <BuildActionEntries>
         <BuildActionEntry
            buildForRunning = "YES">
            <BuildableReference
               BuildableIdentifier = "primary"
               BlueprintIdentifier = "B9DA97B02DC1472C00A4DA20"
               BuildableName = "Treine_me.app"
               BlueprintName = "iosApp"
               ReferencedContainer = "container:iosApp.xcodeproj">
            </BuildableReference>
         </BuildActionEntry>
      </BuildActionEntries>
   </BuildAction>
   <LaunchAction
      useCustomWorkingDirectory = "NO"
      buildConfiguration = "Debug"
      allowLocationSimulation = "YES">
      <CommandLineArguments>
         <CommandLineArgument
            argument = "-APP_ROLE admin"
            isEnabled = "YES">
         </CommandLineArgument>
      </CommandLineArguments>
      <EnvironmentVariables>
         <EnvironmentVariable
            key = "APP_ROLE"
            value = "admin"
            isEnabled = "YES">
         </EnvironmentVariable>
         <EnvironmentVariable
            key = "OVERRIDE_KOTLIN_BUILD_IDE_SUPPORTED"
            value = "NO"
            isEnabled = "YES">
         </EnvironmentVariable>
      </EnvironmentVariables>
      <BuildableProductRunnable>
         <BuildableReference
            BuildableIdentifier = "primary"
            BlueprintIdentifier = "B9DA97B02DC1472C00A4DA20"
            BuildableName = "Treine_me.app"
            BlueprintName = "iosApp"
            ReferencedContainer = "container:iosApp.xcodeproj">
         </BuildableReference>
      </BuildableProductRunnable>
   </LaunchAction>
</Scheme>


